
Microsoft Visual Studio Solution File, Format Version 12.00
# Visual Studio Version 17
VisualStudioVersion = 17.7.34024.191
MinimumVisualStudioVersion = 10.0.40219.1
Project("{FAE04EC0-301F-11D3-BF4B-00C04F79EFBC}") = "Clase2_PIB_2023", "Clase2_PIB_2023\Clase2_PIB_2023.csproj", "{A0025DFB-A3F6-4AA5-8439-ABB40E1FC278}"
EndProject
Global
	GlobalSection(SolutionConfigurationPlatforms) = preSolution
		Debug|Any CPU = Debug|Any CPU
		Release|Any CPU = Release|Any CPU
	EndGlobalSection
	GlobalSection(ProjectConfigurationPlatforms) = postSolution
		{A0025DFB-A3F6-4AA5-8439-ABB40E1FC278}.Debug|Any CPU.ActiveCfg = Debug|Any CPU
		{A0025DFB-A3F6-4AA5-8439-ABB40E1FC278}.Debug|Any CPU.Build.0 = Debug|Any CPU
		{A0025DFB-A3F6-4AA5-8439-ABB40E1FC278}.Release|Any CPU.ActiveCfg = Release|Any CPU
		{A0025DFB-A3F6-4AA5-8439-ABB40E1FC278}.Release|Any CPU.Build.0 = Release|Any CPU
	EndGlobalSection
	GlobalSection(SolutionProperties) = preSolution
		HideSolutionNode = FALSE
	EndGlobalSection
	GlobalSection(ExtensibilityGlobals) = postSolution
		SolutionGuid = {7E8A0F35-FF06-4D19-AE0F-7BAB2DB659C5}
	EndGlobalSection
EndGlobal
